
Microsoft Visual Studio Solution File, Format Version 12.00
# Visual Studio Version 16
VisualStudioVersion = 16.0.30406.217
MinimumVisualStudioVersion = 10.0.40219.1
Project("{9A19103F-16F7-4668-BE54-9A1E7A4F7556}") = "MovieRating.Core", "MovieRating.Core\MovieRating.Core.csproj", "{EA6439D2-1629-4678-8615-6C7206C52E1A}"
EndProject
Project("{2150E333-8FDC-42A3-9474-1A3956D46DE8}") = "Core", "Core", "{0233EEA6-7EE1-469A-A0A1-A542FDDF62AA}"
EndProject
Project("{2150E333-8FDC-42A3-9474-1A3956D46DE8}") = "Tests", "Tests", "{B8FD41A8-5573-402D-BBC2-94451D56AC14}"
EndProject
Project("{9A19103F-16F7-4668-BE54-9A1E7A4F7556}") = "MovieRating.Core.Entities", "MovieRating.Core.Entities\MovieRating.Core.Entities.csproj", "{1CEB863F-F760-4BE8-BC3C-E91DE9C4E077}"
EndProject
Project("{9A19103F-16F7-4668-BE54-9A1E7A4F7556}") = "ConsoleApp", "ConsoleApp\ConsoleApp.csproj", "{1F92C75A-4EAE-419B-92C0-DDE1E3B99CD5}"
EndProject
Project("{2150E333-8FDC-42A3-9474-1A3956D46DE8}") = "Infrastructure", "Infrastructure", "{DE3C6690-7B44-498B-AE00-BBFF610EA635}"
EndProject
Project("{9A19103F-16F7-4668-BE54-9A1E7A4F7556}") = "MovieRating.Infrastructure.Static.Data", "MovieRating.Infrastructure.Static.Data\MovieRating.Infrastructure.Static.Data.csproj", "{8C06C236-1ED4-47DF-B943-EC6CAD9F6506}"
EndProject
Project("{2150E333-8FDC-42A3-9474-1A3956D46DE8}") = "UI", "UI", "{43F0720B-0F81-4854-AA00-C85BA72AEC3B}"
EndProject
Project("{9A19103F-16F7-4668-BE54-9A1E7A4F7556}") = "MsTest", "PerfomanceTest\MsTest.csproj", "{E05EB872-8C14-45A6-82CB-8F40FF090652}"
EndProject
Global
	GlobalSection(SolutionConfigurationPlatforms) = preSolution
		Debug|Any CPU = Debug|Any CPU
		Release|Any CPU = Release|Any CPU
	EndGlobalSection
	GlobalSection(ProjectConfigurationPlatforms) = postSolution
		{EA6439D2-1629-4678-8615-6C7206C52E1A}.Debug|Any CPU.ActiveCfg = Debug|Any CPU
		{EA6439D2-1629-4678-8615-6C7206C52E1A}.Debug|Any CPU.Build.0 = Debug|Any CPU
		{EA6439D2-1629-4678-8615-6C7206C52E1A}.Release|Any CPU.ActiveCfg = Release|Any CPU
		{EA6439D2-1629-4678-8615-6C7206C52E1A}.Release|Any CPU.Build.0 = Release|Any CPU
		{1CEB863F-F760-4BE8-BC3C-E91DE9C4E077}.Debug|Any CPU.ActiveCfg = Debug|Any CPU
		{1CEB863F-F760-4BE8-BC3C-E91DE9C4E077}.Debug|Any CPU.Build.0 = Debug|Any CPU
		{1CEB863F-F760-4BE8-BC3C-E91DE9C4E077}.Release|Any CPU.ActiveCfg = Release|Any CPU
		{1CEB863F-F760-4BE8-BC3C-E91DE9C4E077}.Release|Any CPU.Build.0 = Release|Any CPU
		{1F92C75A-4EAE-419B-92C0-DDE1E3B99CD5}.Debug|Any CPU.ActiveCfg = Debug|Any CPU
		{1F92C75A-4EAE-419B-92C0-DDE1E3B99CD5}.Debug|Any CPU.Build.0 = Debug|Any CPU
		{1F92C75A-4EAE-419B-92C0-DDE1E3B99CD5}.Release|Any CPU.ActiveCfg = Release|Any CPU
		{1F92C75A-4EAE-419B-92C0-DDE1E3B99CD5}.Release|Any CPU.Build.0 = Release|Any CPU
		{8C06C236-1ED4-47DF-B943-EC6CAD9F6506}.Debug|Any CPU.ActiveCfg = Debug|Any CPU
		{8C06C236-1ED4-47DF-B943-EC6CAD9F6506}.Debug|Any CPU.Build.0 = Debug|Any CPU
		{8C06C236-1ED4-47DF-B943-EC6CAD9F6506}.Release|Any CPU.ActiveCfg = Release|Any CPU
		{8C06C236-1ED4-47DF-B943-EC6CAD9F6506}.Release|Any CPU.Build.0 = Release|Any CPU
		{E05EB872-8C14-45A6-82CB-8F40FF090652}.Debug|Any CPU.ActiveCfg = Debug|Any CPU
		{E05EB872-8C14-45A6-82CB-8F40FF090652}.Debug|Any CPU.Build.0 = Debug|Any CPU
		{E05EB872-8C14-45A6-82CB-8F40FF090652}.Release|Any CPU.ActiveCfg = Release|Any CPU
		{E05EB872-8C14-45A6-82CB-8F40FF090652}.Release|Any CPU.Build.0 = Release|Any CPU
	EndGlobalSection
	GlobalSection(SolutionProperties) = preSolution
		HideSolutionNode = FALSE
	EndGlobalSection
	GlobalSection(NestedProjects) = preSolution
		{EA6439D2-1629-4678-8615-6C7206C52E1A} = {0233EEA6-7EE1-469A-A0A1-A542FDDF62AA}
		{1CEB863F-F760-4BE8-BC3C-E91DE9C4E077} = {0233EEA6-7EE1-469A-A0A1-A542FDDF62AA}
		{1F92C75A-4EAE-419B-92C0-DDE1E3B99CD5} = {43F0720B-0F81-4854-AA00-C85BA72AEC3B}
		{8C06C236-1ED4-47DF-B943-EC6CAD9F6506} = {DE3C6690-7B44-498B-AE00-BBFF610EA635}
		{E05EB872-8C14-45A6-82CB-8F40FF090652} = {B8FD41A8-5573-402D-BBC2-94451D56AC14}
	EndGlobalSection
	GlobalSection(ExtensibilityGlobals) = postSolution
		SolutionGuid = {FD25C644-58B9-4288-B04E-4B0B7661342C}
	EndGlobalSection
EndGlobal
