
Microsoft Visual Studio Solution File, Format Version 12.00
# Visual Studio Version 16
VisualStudioVersion = 16.0.30406.217
MinimumVisualStudioVersion = 10.0.40219.1
Project("{9A19103F-16F7-4668-BE54-9A1E7A4F7556}") = "MovieRating.Core", "MovieRating.Core\MovieRating.Core.csproj", "{EA6439D2-1629-4678-8615-6C7206C52E1A}"
EndProject
Project("{9A19103F-16F7-4668-BE54-9A1E7A4F7556}") = "MovieRating.CoreTests", "MovieRating.CoreTests\MovieRating.CoreTests.csproj", "{9577ACD0-0A39-4509-A28F-0DE4DF6B1CAB}"
EndProject
Project("{2150E333-8FDC-42A3-9474-1A3956D46DE8}") = "Core", "Core", "{0233EEA6-7EE1-469A-A0A1-A542FDDF62AA}"
EndProject
Project("{2150E333-8FDC-42A3-9474-1A3956D46DE8}") = "Tests", "Tests", "{B8FD41A8-5573-402D-BBC2-94451D56AC14}"
EndProject
Project("{FAE04EC0-301F-11D3-BF4B-00C04F79EFBC}") = "MovieRating.Core.Entities", "MovieRating.Core.Entities\MovieRating.Core.Entities.csproj", "{1CEB863F-F760-4BE8-BC3C-E91DE9C4E077}"
EndProject
Global
	GlobalSection(SolutionConfigurationPlatforms) = preSolution
		Debug|Any CPU = Debug|Any CPU
		Release|Any CPU = Release|Any CPU
	EndGlobalSection
	GlobalSection(ProjectConfigurationPlatforms) = postSolution
		{EA6439D2-1629-4678-8615-6C7206C52E1A}.Debug|Any CPU.ActiveCfg = Debug|Any CPU
		{EA6439D2-1629-4678-8615-6C7206C52E1A}.Debug|Any CPU.Build.0 = Debug|Any CPU
		{EA6439D2-1629-4678-8615-6C7206C52E1A}.Release|Any CPU.ActiveCfg = Release|Any CPU
		{EA6439D2-1629-4678-8615-6C7206C52E1A}.Release|Any CPU.Build.0 = Release|Any CPU
		{9577ACD0-0A39-4509-A28F-0DE4DF6B1CAB}.Debug|Any CPU.ActiveCfg = Debug|Any CPU
		{9577ACD0-0A39-4509-A28F-0DE4DF6B1CAB}.Debug|Any CPU.Build.0 = Debug|Any CPU
		{9577ACD0-0A39-4509-A28F-0DE4DF6B1CAB}.Release|Any CPU.ActiveCfg = Release|Any CPU
		{9577ACD0-0A39-4509-A28F-0DE4DF6B1CAB}.Release|Any CPU.Build.0 = Release|Any CPU
		{1CEB863F-F760-4BE8-BC3C-E91DE9C4E077}.Debug|Any CPU.ActiveCfg = Debug|Any CPU
		{1CEB863F-F760-4BE8-BC3C-E91DE9C4E077}.Debug|Any CPU.Build.0 = Debug|Any CPU
		{1CEB863F-F760-4BE8-BC3C-E91DE9C4E077}.Release|Any CPU.ActiveCfg = Release|Any CPU
		{1CEB863F-F760-4BE8-BC3C-E91DE9C4E077}.Release|Any CPU.Build.0 = Release|Any CPU
	EndGlobalSection
	GlobalSection(SolutionProperties) = preSolution
		HideSolutionNode = FALSE
	EndGlobalSection
	GlobalSection(NestedProjects) = preSolution
		{EA6439D2-1629-4678-8615-6C7206C52E1A} = {0233EEA6-7EE1-469A-A0A1-A542FDDF62AA}
		{9577ACD0-0A39-4509-A28F-0DE4DF6B1CAB} = {B8FD41A8-5573-402D-BBC2-94451D56AC14}
		{1CEB863F-F760-4BE8-BC3C-E91DE9C4E077} = {0233EEA6-7EE1-469A-A0A1-A542FDDF62AA}
	EndGlobalSection
	GlobalSection(ExtensibilityGlobals) = postSolution
		SolutionGuid = {FD25C644-58B9-4288-B04E-4B0B7661342C}
	EndGlobalSection
EndGlobal
