
Microsoft Visual Studio Solution File, Format Version 12.00
# Visual Studio Version 16
VisualStudioVersion = 16.0.30406.217
MinimumVisualStudioVersion = 10.0.40219.1
Project("{9A19103F-16F7-4668-BE54-9A1E7A4F7556}") = "MovieRating.Core", "MovieRating.Core\MovieRating.Core.csproj", "{EA6439D2-1629-4678-8615-6C7206C52E1A}"
EndProject
Project("{FAE04EC0-301F-11D3-BF4B-00C04F79EFBC}") = "MovieRating.CoreTests2", "MovieRating.CoreTests2\MovieRating.CoreTests2.csproj", "{D551546E-9E32-4073-9033-7FA8D26BE31E}"
EndProject
Global
	GlobalSection(SolutionConfigurationPlatforms) = preSolution
		Debug|Any CPU = Debug|Any CPU
		Release|Any CPU = Release|Any CPU
	EndGlobalSection
	GlobalSection(ProjectConfigurationPlatforms) = postSolution
		{EA6439D2-1629-4678-8615-6C7206C52E1A}.Debug|Any CPU.ActiveCfg = Debug|Any CPU
		{EA6439D2-1629-4678-8615-6C7206C52E1A}.Debug|Any CPU.Build.0 = Debug|Any CPU
		{EA6439D2-1629-4678-8615-6C7206C52E1A}.Release|Any CPU.ActiveCfg = Release|Any CPU
		{EA6439D2-1629-4678-8615-6C7206C52E1A}.Release|Any CPU.Build.0 = Release|Any CPU
		{D551546E-9E32-4073-9033-7FA8D26BE31E}.Debug|Any CPU.ActiveCfg = Debug|Any CPU
		{D551546E-9E32-4073-9033-7FA8D26BE31E}.Debug|Any CPU.Build.0 = Debug|Any CPU
		{D551546E-9E32-4073-9033-7FA8D26BE31E}.Release|Any CPU.ActiveCfg = Release|Any CPU
		{D551546E-9E32-4073-9033-7FA8D26BE31E}.Release|Any CPU.Build.0 = Release|Any CPU
	EndGlobalSection
	GlobalSection(SolutionProperties) = preSolution
		HideSolutionNode = FALSE
	EndGlobalSection
	GlobalSection(ExtensibilityGlobals) = postSolution
		SolutionGuid = {FD25C644-58B9-4288-B04E-4B0B7661342C}
	EndGlobalSection
EndGlobal
